
Microsoft Visual Studio Solution File, Format Version 12.00
# Visual Studio 14
VisualStudioVersion = 14.0.25420.1
MinimumVisualStudioVersion = 10.0.40219.1
Project("{FAE04EC0-301F-11D3-BF4B-00C04F79EFBC}") = "DLTVWGPT", "DLTVWGPT\DLTVWGPT.csproj", "{B45D4CCD-D1CD-47E3-91DA-081AA04C94BF}"
EndProject
Project("{FAE04EC0-301F-11D3-BF4B-00C04F79EFBC}") = "DLTLib", "DLTLib\DLTLib.csproj", "{FCF32CF5-6F75-4F4C-A0F8-3F66160BFCC5}"
EndProject
Project("{FAE04EC0-301F-11D3-BF4B-00C04F79EFBC}") = "JXC", "JXC\JXC.csproj", "{F47F656F-F2E6-443C-A374-E3D5212A8F03}"
EndProject
Global
	GlobalSection(SolutionConfigurationPlatforms) = preSolution
		Debug|Any CPU = Debug|Any CPU
		Release|Any CPU = Release|Any CPU
	EndGlobalSection
	GlobalSection(ProjectConfigurationPlatforms) = postSolution
		{B45D4CCD-D1CD-47E3-91DA-081AA04C94BF}.Debug|Any CPU.ActiveCfg = Debug|Any CPU
		{B45D4CCD-D1CD-47E3-91DA-081AA04C94BF}.Debug|Any CPU.Build.0 = Debug|Any CPU
		{B45D4CCD-D1CD-47E3-91DA-081AA04C94BF}.Debug|Any CPU.Deploy.0 = Debug|Any CPU
		{B45D4CCD-D1CD-47E3-91DA-081AA04C94BF}.Release|Any CPU.ActiveCfg = Release|Any CPU
		{B45D4CCD-D1CD-47E3-91DA-081AA04C94BF}.Release|Any CPU.Build.0 = Release|Any CPU
		{FCF32CF5-6F75-4F4C-A0F8-3F66160BFCC5}.Debug|Any CPU.ActiveCfg = Debug|Any CPU
		{FCF32CF5-6F75-4F4C-A0F8-3F66160BFCC5}.Debug|Any CPU.Build.0 = Debug|Any CPU
		{FCF32CF5-6F75-4F4C-A0F8-3F66160BFCC5}.Release|Any CPU.ActiveCfg = Release|Any CPU
		{FCF32CF5-6F75-4F4C-A0F8-3F66160BFCC5}.Release|Any CPU.Build.0 = Release|Any CPU
		{F47F656F-F2E6-443C-A374-E3D5212A8F03}.Debug|Any CPU.ActiveCfg = Debug|Any CPU
		{F47F656F-F2E6-443C-A374-E3D5212A8F03}.Debug|Any CPU.Build.0 = Debug|Any CPU
		{F47F656F-F2E6-443C-A374-E3D5212A8F03}.Release|Any CPU.ActiveCfg = Release|Any CPU
		{F47F656F-F2E6-443C-A374-E3D5212A8F03}.Release|Any CPU.Build.0 = Release|Any CPU
	EndGlobalSection
	GlobalSection(SolutionProperties) = preSolution
		HideSolutionNode = FALSE
	EndGlobalSection
EndGlobal
